dependencies:
- name: keptn-cert-manager
  repository: file://../keptn-cert-manager/chart
  version: 0.3.0
- name: keptn-lifecycle-operator
  repository: file://../lifecycle-operator/chart
  version: 0.2.0
- name: keptn-metrics-operator
  repository: file://../metrics-operator/chart
  version: 0.2.1
digest: sha256:a242baee15923128c8800fe88b70c4c8ff97852159396abe585997566a6b2d4a
generated: "2024-01-15T11:00:22.798341+01:00"
