dependencies:
- name: lifecycle-operator
  repository: file://../../operator/chart
  version: 0.1.0
- name: metrics-operator
  repository: file://../../metrics-operator/chart
  version: 0.1.0
- name: cert-manager
  repository: file://../../klt-cert-manager/chart
  version: 0.1.0
- name: scheduler
  repository: file://../../scheduler/chart
  version: 0.1.0
digest: sha256:8d0564185a1b29200b3fc18761298d6a0480f82ee62003ee0189bd7097ff2cd8
generated: "2023-06-30T11:19:23.394164+02:00"
