dependencies:
- name: lifecycle-operator
  repository: file://../../operator/chart
  version: 0.1.0
- name: metrics-operator
  repository: file://../../metrics-operator/chart
  version: 0.1.0
- name: cert-manager
  repository: file://../../klt-cert-manager/chart
  version: 0.1.0
digest: sha256:7216f4fce830753dd2b3565cfe02014af4cd67660997c200e7059e3df0cd6abc
generated: "2023-06-30T10:12:16.487246+02:00"
