github.com/FortAwesome/Font-Awesome v0.0.0-20220831210243-d3a7818c253f/go.mod h1:IUgezN/MFpCDIlFezw3L8j83oeiIuYoj28Miwr/KUYo=
github.com/google/docsy/dependencies v0.6.0 h1:BFXDCINbp8ZuUGl/mrHjMfhCg+b1YX+hVLAA5fGW7Pc=
github.com/google/docsy/dependencies v0.6.0/go.mod h1:EDGc2znMbGUw0RW5kWwy2oGgLt0iVXBmoq4UOqstuNE=
github.com/keptn/docs-tooling v0.0.2-beta1 h1:yvHmMqJ5JsdOYR4zCC+gnkslmWc1wrbvyJXNVCkuSYg=
github.com/keptn/docs-tooling v0.0.2-beta1/go.mod h1:6nzm4ykIXyoxsJo3gFsaNWbpycj4pG03lOwE3x927eo=
github.com/twbs/bootstrap v4.6.2+incompatible/go.mod h1:fZTSrkpSf0/HkL0IIJzvVspTt1r9zuf7XlZau8kpcY0=
