github.com/FortAwesome/Font-Awesome v0.0.0-20220831210243-d3a7818c253f/go.mod h1:IUgezN/MFpCDIlFezw3L8j83oeiIuYoj28Miwr/KUYo=
github.com/FortAwesome/Font-Awesome v0.0.0-20230327165841-0698449d50f2/go.mod h1:IUgezN/MFpCDIlFezw3L8j83oeiIuYoj28Miwr/KUYo=
github.com/google/docsy/dependencies v0.6.0 h1:BFXDCINbp8ZuUGl/mrHjMfhCg+b1YX+hVLAA5fGW7Pc=
github.com/google/docsy/dependencies v0.6.0/go.mod h1:EDGc2znMbGUw0RW5kWwy2oGgLt0iVXBmoq4UOqstuNE=
github.com/google/docsy/dependencies v0.7.0 h1:/xUlWCZOSMDubHfrhIz1YtaRn2Oc/swfJ7OUfglXE8U=
github.com/google/docsy/dependencies v0.7.0/go.mod h1:gihhs5gmgeO+wuoay4FwOzob+jYJVyQbNaQOh788lD4=
github.com/keptn/community v0.0.0-20230615192024-1cadfa6b2ad0 h1:gT4CJA5fM9HlF8AGghB7YlS7Yj8wsrBPfpuW22Rc+WU=
github.com/keptn/community v0.0.0-20230615192024-1cadfa6b2ad0/go.mod h1:0G5nUhSv7ch9BgIFXiY7+U+cV5SbVmneysNGQwQkH8s=
github.com/keptn/docs-tooling v0.1.1 h1:IuI0Fgs0JrtffLN05iaRZVkRMbPu6h9bxR4C8q1ApGU=
github.com/keptn/docs-tooling v0.1.1/go.mod h1:x0iT5YsJosz6wzjQke/YaLgiXF6PV+N8QzxSAc2MY/4=
github.com/keptn/docs-tooling v0.1.2 h1:qKu4U6ugnF7+uQ4buDqYuCehFsGF4bunJYsQWv8MenI=
github.com/keptn/docs-tooling v0.1.2/go.mod h1:x0iT5YsJosz6wzjQke/YaLgiXF6PV+N8QzxSAc2MY/4=
github.com/twbs/bootstrap v4.6.2+incompatible/go.mod h1:fZTSrkpSf0/HkL0IIJzvVspTt1r9zuf7XlZau8kpcY0=
github.com/twbs/bootstrap v5.2.3+incompatible/go.mod h1:fZTSrkpSf0/HkL0IIJzvVspTt1r9zuf7XlZau8kpcY0=
